// !$*UTF8*$!
{
	archiveVersion = 1;
	classes = {
	};
	objectVersion = 50;
	objects = {

/* Begin PBXBuildFile section */
		540B2C3C21E8BA4100084DDA /* SettingsTableViewController.swift in Sources */ = {isa = PBXBuildFile; fileRef = 540B2C3B21E8BA4100084DDA /* SettingsTableViewController.swift */; };
		540B2C3E21E8BC5D00084DDA /* SettingsViewModel.swift in Sources */ = {isa = PBXBuildFile; fileRef = 540B2C3D21E8BC5D00084DDA /* SettingsViewModel.swift */; };
		54196A3021E7CF9A00879D17 /* Double+Extensions.swift in Sources */ = {isa = PBXBuildFile; fileRef = 54196A2F21E7CF9A00879D17 /* Double+Extensions.swift */; };
		54196A4721E7D43900879D17 /* 740-gear-toolbar@2x.png in Resources */ = {isa = PBXBuildFile; fileRef = 54196A4421E7D43900879D17 /* 740-gear-toolbar@2x.png */; };
		54196A4821E7D43900879D17 /* 740-gear-toolbar.png in Resources */ = {isa = PBXBuildFile; fileRef = 54196A4521E7D43900879D17 /* 740-gear-toolbar.png */; };
		54196A4921E7D43900879D17 /* 740-gear-toolbar@3x.png in Resources */ = {isa = PBXBuildFile; fileRef = 54196A4621E7D43900879D17 /* 740-gear-toolbar@3x.png */; };
		544700F621C389510053F89A /* WeatherListTableViewController.swift in Sources */ = {isa = PBXBuildFile; fileRef = 544700F521C389510053F89A /* WeatherListTableViewController.swift */; };
		544700F821C389A50053F89A /* AddWeatherCityViewController.swift in Sources */ = {isa = PBXBuildFile; fileRef = 544700F721C389A50053F89A /* AddWeatherCityViewController.swift */; };
		5456347621E71D76009C16B3 /* WeatherListViewModel.swift in Sources */ = {isa = PBXBuildFile; fileRef = 5456347521E71D76009C16B3 /* WeatherListViewModel.swift */; };
		547CBD5A21C75D65009F97FD /* Webservice.swift in Sources */ = {isa = PBXBuildFile; fileRef = 547CBD5921C75D65009F97FD /* Webservice.swift */; };
		548ADEE321C34D87008E67D8 /* AppDelegate.swift in Sources */ = {isa = PBXBuildFile; fileRef = 548ADEE221C34D87008E67D8 /* AppDelegate.swift */; };
		548ADEE821C34D87008E67D8 /* Main.storyboard in Resources */ = {isa = PBXBuildFile; fileRef = 548ADEE621C34D87008E67D8 /* Main.storyboard */; };
		548ADEEA21C34D88008E67D8 /* Assets.xcassets in Resources */ = {isa = PBXBuildFile; fileRef = 548ADEE921C34D88008E67D8 /* Assets.xcassets */; };
		548ADEED21C34D88008E67D8 /* LaunchScreen.storyboard in Resources */ = {isa = PBXBuildFile; fileRef = 548ADEEB21C34D88008E67D8 /* LaunchScreen.storyboard */; };
		54FEB08C21C6B8E400442389 /* WeatherCell.swift in Sources */ = {isa = PBXBuildFile; fileRef = 54FEB08B21C6B8E400442389 /* WeatherCell.swift */; };
/* End PBXBuildFile section */

/* Begin PBXFileReference section */
		540B2C3B21E8BA4100084DDA /* SettingsTableViewController.swift */ = {isa = PBXFileReference; lastKnownFileType = sourcecode.swift; path = SettingsTableViewController.swift; sourceTree = "<group>"; };
		540B2C3D21E8BC5D00084DDA /* SettingsViewModel.swift */ = {isa = PBXFileReference; lastKnownFileType = sourcecode.swift; path = SettingsViewModel.swift; sourceTree = "<group>"; };
		54196A2F21E7CF9A00879D17 /* Double+Extensions.swift */ = {isa = PBXFileReference; lastKnownFileType = sourcecode.swift; path = "Double+Extensions.swift"; sourceTree = "<group>"; };
		54196A4421E7D43900879D17 /* 740-gear-toolbar@2x.png */ = {isa = PBXFileReference; lastKnownFileType = image.png; path = "740-gear-toolbar@2x.png"; sourceTree = "<group>"; };
		54196A4521E7D43900879D17 /* 740-gear-toolbar.png */ = {isa = PBXFileReference; lastKnownFileType = image.png; path = "740-gear-toolbar.png"; sourceTree = "<group>"; };
		54196A4621E7D43900879D17 /* 740-gear-toolbar@3x.png */ = {isa = PBXFileReference; lastKnownFileType = image.png; path = "740-gear-toolbar@3x.png"; sourceTree = "<group>"; };
		544700F521C389510053F89A /* WeatherListTableViewController.swift */ = {isa = PBXFileReference; lastKnownFileType = sourcecode.swift; path = WeatherListTableViewController.swift; sourceTree = "<group>"; };
		544700F721C389A50053F89A /* AddWeatherCityViewController.swift */ = {isa = PBXFileReference; lastKnownFileType = sourcecode.swift; path = AddWeatherCityViewController.swift; sourceTree = "<group>"; };
		5456347521E71D76009C16B3 /* WeatherListViewModel.swift */ = {isa = PBXFileReference; lastKnownFileType = sourcecode.swift; path = WeatherListViewModel.swift; sourceTree = "<group>"; };
		547CBD5921C75D65009F97FD /* Webservice.swift */ = {isa = PBXFileReference; lastKnownFileType = sourcecode.swift; path = Webservice.swift; sourceTree = "<group>"; };
		548ADEDF21C34D87008E67D8 /* Good Weather.app */ = {isa = PBXFileReference; explicitFileType = wrapper.application; includeInIndex = 0; path = "Good Weather.app"; sourceTree = BUILT_PRODUCTS_DIR; };
		548ADEE221C34D87008E67D8 /* AppDelegate.swift */ = {isa = PBXFileReference; lastKnownFileType = sourcecode.swift; path = AppDelegate.swift; sourceTree = "<group>"; };
		548ADEE721C34D87008E67D8 /* Base */ = {isa = PBXFileReference; lastKnownFileType = file.storyboard; name = Base; path = Base.lproj/Main.storyboard; sourceTree = "<group>"; };
		548ADEE921C34D88008E67D8 /* Assets.xcassets */ = {isa = PBXFileReference; lastKnownFileType = folder.assetcatalog; path = Assets.xcassets; sourceTree = "<group>"; };
		548ADEEC21C34D88008E67D8 /* Base */ = {isa = PBXFileReference; lastKnownFileType = file.storyboard; name = Base; path = Base.lproj/LaunchScreen.storyboard; sourceTree = "<group>"; };
		548ADEEE21C34D88008E67D8 /* Info.plist */ = {isa = PBXFileReference; lastKnownFileType = text.plist.xml; path = Info.plist; sourceTree = "<group>"; };
		54FEB08B21C6B8E400442389 /* WeatherCell.swift */ = {isa = PBXFileReference; lastKnownFileType = sourcecode.swift; path = WeatherCell.swift; sourceTree = "<group>"; };
/* End PBXFileReference section */

/* Begin PBXFrameworksBuildPhase section */
		548ADEDC21C34D87008E67D8 /* Frameworks */ = {
			isa = PBXFrameworksBuildPhase;
			buildActionMask = 2147483647;
			files = (
			);
			runOnlyForDeploymentPostprocessing = 0;
		};
/* End PBXFrameworksBuildPhase section */

/* Begin PBXGroup section */
		54196A2E21E7CF6F00879D17 /* Extensions */ = {
			isa = PBXGroup;
			children = (
				54196A2F21E7CF9A00879D17 /* Double+Extensions.swift */,
			);
			path = Extensions;
			sourceTree = "<group>";
		};
		54196A3121E7D13E00879D17 /* Images */ = {
			isa = PBXGroup;
			children = (
				54196A4521E7D43900879D17 /* 740-gear-toolbar.png */,
				54196A4421E7D43900879D17 /* 740-gear-toolbar@2x.png */,
				54196A4621E7D43900879D17 /* 740-gear-toolbar@3x.png */,
			);
			path = Images;
			sourceTree = "<group>";
		};
		54272E0321C3F1C300A6D36B /* Custom Cell */ = {
			isa = PBXGroup;
			children = (
				54FEB08B21C6B8E400442389 /* WeatherCell.swift */,
			);
			path = "Custom Cell";
			sourceTree = "<group>";
		};
		544700F421C3891F0053F89A /* Controllers */ = {
			isa = PBXGroup;
			children = (
				544700F521C389510053F89A /* WeatherListTableViewController.swift */,
				544700F721C389A50053F89A /* AddWeatherCityViewController.swift */,
				540B2C3B21E8BA4100084DDA /* SettingsTableViewController.swift */,
			);
			path = Controllers;
			sourceTree = "<group>";
		};
		5456347421E71D53009C16B3 /* ViewModels */ = {
			isa = PBXGroup;
			children = (
				5456347521E71D76009C16B3 /* WeatherListViewModel.swift */,
				540B2C3D21E8BC5D00084DDA /* SettingsViewModel.swift */,
			);
			path = ViewModels;
			sourceTree = "<group>";
		};
		547CBD5821C75D1F009F97FD /* Services */ = {
			isa = PBXGroup;
			children = (
				547CBD5921C75D65009F97FD /* Webservice.swift */,
			);
			path = Services;
			sourceTree = "<group>";
		};
		548ADED621C34D87008E67D8 = {
			isa = PBXGroup;
			children = (
				548ADEE121C34D87008E67D8 /* Good Weather */,
				548ADEE021C34D87008E67D8 /* Products */,
			);
			sourceTree = "<group>";
		};
		548ADEE021C34D87008E67D8 /* Products */ = {
			isa = PBXGroup;
			children = (
				548ADEDF21C34D87008E67D8 /* Good Weather.app */,
			);
			name = Products;
			sourceTree = "<group>";
		};
		548ADEE121C34D87008E67D8 /* Good Weather */ = {
			isa = PBXGroup;
			children = (
				54196A3121E7D13E00879D17 /* Images */,
				54196A2E21E7CF6F00879D17 /* Extensions */,
				5456347421E71D53009C16B3 /* ViewModels */,
				547CBD5821C75D1F009F97FD /* Services */,
				54272E0321C3F1C300A6D36B /* Custom Cell */,
				544700F421C3891F0053F89A /* Controllers */,
				548ADEE221C34D87008E67D8 /* AppDelegate.swift */,
				548ADEE621C34D87008E67D8 /* Main.storyboard */,
				548ADEE921C34D88008E67D8 /* Assets.xcassets */,
				548ADEEB21C34D88008E67D8 /* LaunchScreen.storyboard */,
				548ADEEE21C34D88008E67D8 /* Info.plist */,
			);
			path = "Good Weather";
			sourceTree = "<group>";
		};
/* End PBXGroup section */

/* Begin PBXNativeTarget section */
		548ADEDE21C34D87008E67D8 /* Good Weather */ = {
			isa = PBXNativeTarget;
			buildConfigurationList = 548ADEF121C34D88008E67D8 /* Build configuration list for PBXNativeTarget "Good Weather" */;
			buildPhases = (
				548ADEDB21C34D87008E67D8 /* Sources */,
				548ADEDC21C34D87008E67D8 /* Frameworks */,
				548ADEDD21C34D87008E67D8 /* Resources */,
			);
			buildRules = (
			);
			dependencies = (
			);
			name = "Good Weather";
			productName = "Good Weather";
			productReference = 548ADEDF21C34D87008E67D8 /* Good Weather.app */;
			productType = "com.apple.product-type.application";
		};
/* End PBXNativeTarget section */

/* Begin PBXProject section */
		548ADED721C34D87008E67D8 /* Project object */ = {
			isa = PBXProject;
			attributes = {
				LastSwiftUpdateCheck = 1000;
				LastUpgradeCheck = 1000;
				ORGANIZATIONNAME = "Hario Budiharjo";
				TargetAttributes = {
					548ADEDE21C34D87008E67D8 = {
						CreatedOnToolsVersion = 10.0;
					};
				};
			};
			buildConfigurationList = 548ADEDA21C34D87008E67D8 /* Build configuration list for PBXProject "Good Weather" */;
			compatibilityVersion = "Xcode 9.3";
			developmentRegion = en;
			hasScannedForEncodings = 0;
			knownRegions = (
				en,
				Base,
			);
			mainGroup = 548ADED621C34D87008E67D8;
			productRefGroup = 548ADEE021C34D87008E67D8 /* Products */;
			projectDirPath = "";
			projectRoot = "";
			targets = (
				548ADEDE21C34D87008E67D8 /* Good Weather */,
			);
		};
/* End PBXProject section */

/* Begin PBXResourcesBuildPhase section */
		548ADEDD21C34D87008E67D8 /* Resources */ = {
			isa = PBXResourcesBuildPhase;
			buildActionMask = 2147483647;
			files = (
				54196A4821E7D43900879D17 /* 740-gear-toolbar.png in Resources */,
				548ADEED21C34D88008E67D8 /* LaunchScreen.storyboard in Resources */,
				54196A4921E7D43900879D17 /* 740-gear-toolbar@3x.png in Resources */,
				548ADEEA21C34D88008E67D8 /* Assets.xcassets in Resources */,
				548ADEE821C34D87008E67D8 /* Main.storyboard in Resources */,
				54196A4721E7D43900879D17 /* 740-gear-toolbar@2x.png in Resources */,
			);
			runOnlyForDeploymentPostprocessing = 0;
		};
/* End PBXResourcesBuildPhase section */

/* Begin PBXSourcesBuildPhase section */
		548ADEDB21C34D87008E67D8 /* Sources */ = {
			isa = PBXSourcesBuildPhase;
			buildActionMask = 2147483647;
			files = (
				54FEB08C21C6B8E400442389 /* WeatherCell.swift in Sources */,
				544700F621C389510053F89A /* WeatherListTableViewController.swift in Sources */,
				54196A3021E7CF9A00879D17 /* Double+Extensions.swift in Sources */,
				544700F821C389A50053F89A /* AddWeatherCityViewController.swift in Sources */,
				540B2C3C21E8BA4100084DDA /* SettingsTableViewController.swift in Sources */,
				5456347621E71D76009C16B3 /* WeatherListViewModel.swift in Sources */,
				547CBD5A21C75D65009F97FD /* Webservice.swift in Sources */,
				548ADEE321C34D87008E67D8 /* AppDelegate.swift in Sources */,
				540B2C3E21E8BC5D00084DDA /* SettingsViewModel.swift in Sources */,
			);
			runOnlyForDeploymentPostprocessing = 0;
		};
/* End PBXSourcesBuildPhase section */

/* Begin PBXVariantGroup section */
		548ADEE621C34D87008E67D8 /* Main.storyboard */ = {
			isa = PBXVariantGroup;
			children = (
				548ADEE721C34D87008E67D8 /* Base */,
			);
			name = Main.storyboard;
			sourceTree = "<group>";
		};
		548ADEEB21C34D88008E67D8 /* LaunchScreen.storyboard */ = {
			isa = PBXVariantGroup;
			children = (
				548ADEEC21C34D88008E67D8 /* Base */,
			);
			name = LaunchScreen.storyboard;
			sourceTree = "<group>";
		};
/* End PBXVariantGroup section */

/* Begin XCBuildConfiguration section */
		548ADEEF21C34D88008E67D8 /* Debug */ = {
			isa = XCBuildConfiguration;
			buildSettings = {
				ALWAYS_SEARCH_USER_PATHS = NO;
				CLANG_ANALYZER_NONNULL = YES;
				CLANG_ANALYZER_NUMBER_OBJECT_CONVERSION = YES_AGGRESSIVE;
				CLANG_CXX_LANGUAGE_STANDARD = "gnu++14";
				CLANG_CXX_LIBRARY = "libc++";
				CLANG_ENABLE_MODULES = YES;
				CLANG_ENABLE_OBJC_ARC = YES;
				CLANG_ENABLE_OBJC_WEAK = YES;
				CLANG_WARN_BLOCK_CAPTURE_AUTORELEASING = YES;
				CLANG_WARN_BOOL_CONVERSION = YES;
				CLANG_WARN_COMMA = YES;
				CLANG_WARN_CONSTANT_CONVERSION = YES;
				CLANG_WARN_DEPRECATED_OBJC_IMPLEMENTATIONS = YES;
				CLANG_WARN_DIRECT_OBJC_ISA_USAGE = YES_ERROR;
				CLANG_WARN_DOCUMENTATION_COMMENTS = YES;
				CLANG_WARN_EMPTY_BODY = YES;
				CLANG_WARN_ENUM_CONVERSION = YES;
				CLANG_WARN_INFINITE_RECURSION = YES;
				CLANG_WARN_INT_CONVERSION = YES;
				CLANG_WARN_NON_LITERAL_NULL_CONVERSION = YES;
				CLANG_WARN_OBJC_IMPLICIT_RETAIN_SELF = YES;
				CLANG_WARN_OBJC_LITERAL_CONVERSION = YES;
				CLANG_WARN_OBJC_ROOT_CLASS = YES_ERROR;
				CLANG_WARN_RANGE_LOOP_ANALYSIS = YES;
				CLANG_WARN_STRICT_PROTOTYPES = YES;
				CLANG_WARN_SUSPICIOUS_MOVE = YES;
				CLANG_WARN_UNGUARDED_AVAILABILITY = YES_AGGRESSIVE;
				CLANG_WARN_UNREACHABLE_CODE = YES;
				CLANG_WARN__DUPLICATE_METHOD_MATCH = YES;
				CODE_SIGN_IDENTITY = "iPhone Developer";
				COPY_PHASE_STRIP = NO;
				DEBUG_INFORMATION_FORMAT = dwarf;
				ENABLE_STRICT_OBJC_MSGSEND = YES;
				ENABLE_TESTABILITY = YES;
				GCC_C_LANGUAGE_STANDARD = gnu11;
				GCC_DYNAMIC_NO_PIC = NO;
				GCC_NO_COMMON_BLOCKS = YES;
				GCC_OPTIMIZATION_LEVEL = 0;
				GCC_PREPROCESSOR_DEFINITIONS = (
					"DEBUG=1",
					"$(inherited)",
				);
				GCC_WARN_64_TO_32_BIT_CONVERSION = YES;
				GCC_WARN_ABOUT_RETURN_TYPE = YES_ERROR;
				GCC_WARN_UNDECLARED_SELECTOR = YES;
				GCC_WARN_UNINITIALIZED_AUTOS = YES_AGGRESSIVE;
				GCC_WARN_UNUSED_FUNCTION = YES;
				GCC_WARN_UNUSED_VARIABLE = YES;
				IPHONEOS_DEPLOYMENT_TARGET = 12.0;
				MTL_ENABLE_DEBUG_INFO = INCLUDE_SOURCE;
				MTL_FAST_MATH = YES;
				ONLY_ACTIVE_ARCH = YES;
				SDKROOT = iphoneos;
				SWIFT_ACTIVE_COMPILATION_CONDITIONS = DEBUG;
				SWIFT_OPTIMIZATION_LEVEL = "-Onone";
			};
			name = Debug;
		};
		548ADEF021C34D88008E67D8 /* Release */ = {
			isa = XCBuildConfiguration;
			buildSettings = {
				ALWAYS_SEARCH_USER_PATHS = NO;
				CLANG_ANALYZER_NONNULL = YES;
				CLANG_ANALYZER_NUMBER_OBJECT_CONVERSION = YES_AGGRESSIVE;
				CLANG_CXX_LANGUAGE_STANDARD = "gnu++14";
				CLANG_CXX_LIBRARY = "libc++";
				CLANG_ENABLE_MODULES = YES;
				CLANG_ENABLE_OBJC_ARC = YES;
				CLANG_ENABLE_OBJC_WEAK = YES;
				CLANG_WARN_BLOCK_CAPTURE_AUTORELEASING = YES;
				CLANG_WARN_BOOL_CONVERSION = YES;
				CLANG_WARN_COMMA = YES;
				CLANG_WARN_CONSTANT_CONVERSION = YES;
				CLANG_WARN_DEPRECATED_OBJC_IMPLEMENTATIONS = YES;
				CLANG_WARN_DIRECT_OBJC_ISA_USAGE = YES_ERROR;
				CLANG_WARN_DOCUMENTATION_COMMENTS = YES;
				CLANG_WARN_EMPTY_BODY = YES;
				CLANG_WARN_ENUM_CONVERSION = YES;
				CLANG_WARN_INFINITE_RECURSION = YES;
				CLANG_WARN_INT_CONVERSION = YES;
				CLANG_WARN_NON_LITERAL_NULL_CONVERSION = YES;
				CLANG_WARN_OBJC_IMPLICIT_RETAIN_SELF = YES;
				CLANG_WARN_OBJC_LITERAL_CONVERSION = YES;
				CLANG_WARN_OBJC_ROOT_CLASS = YES_ERROR;
				CLANG_WARN_RANGE_LOOP_ANALYSIS = YES;
				CLANG_WARN_STRICT_PROTOTYPES = YES;
				CLANG_WARN_SUSPICIOUS_MOVE = YES;
				CLANG_WARN_UNGUARDED_AVAILABILITY = YES_AGGRESSIVE;
				CLANG_WARN_UNREACHABLE_CODE = YES;
				CLANG_WARN__DUPLICATE_METHOD_MATCH = YES;
				CODE_SIGN_IDENTITY = "iPhone Developer";
				COPY_PHASE_STRIP = NO;
				DEBUG_INFORMATION_FORMAT = "dwarf-with-dsym";
				ENABLE_NS_ASSERTIONS = NO;
				ENABLE_STRICT_OBJC_MSGSEND = YES;
				GCC_C_LANGUAGE_STANDARD = gnu11;
				GCC_NO_COMMON_BLOCKS = YES;
				GCC_WARN_64_TO_32_BIT_CONVERSION = YES;
				GCC_WARN_ABOUT_RETURN_TYPE = YES_ERROR;
				GCC_WARN_UNDECLARED_SELECTOR = YES;
				GCC_WARN_UNINITIALIZED_AUTOS = YES_AGGRESSIVE;
				GCC_WARN_UNUSED_FUNCTION = YES;
				GCC_WARN_UNUSED_VARIABLE = YES;
				IPHONEOS_DEPLOYMENT_TARGET = 12.0;
				MTL_ENABLE_DEBUG_INFO = NO;
				MTL_FAST_MATH = YES;
				SDKROOT = iphoneos;
				SWIFT_COMPILATION_MODE = wholemodule;
				SWIFT_OPTIMIZATION_LEVEL = "-O";
				VALIDATE_PRODUCT = YES;
			};
			name = Release;
		};
		548ADEF221C34D88008E67D8 /* Debug */ = {
			isa = XCBuildConfiguration;
			buildSettings = {
				ASSETCATALOG_COMPILER_APPICON_NAME = AppIcon;
				CODE_SIGN_IDENTITY = "iPhone Developer";
				CODE_SIGN_STYLE = Automatic;
				DEVELOPMENT_TEAM = A3ZG558H3C;
				INFOPLIST_FILE = "Good Weather/Info.plist";
				IPHONEOS_DEPLOYMENT_TARGET = 12.1;
				LD_RUNPATH_SEARCH_PATHS = (
					"$(inherited)",
					"@executable_path/Frameworks",
				);
				PRODUCT_BUNDLE_IDENTIFIER = "hariobudiharjo.Good-Weather";
				PRODUCT_NAME = "$(TARGET_NAME)";
				PROVISIONING_PROFILE_SPECIFIER = "";
				SWIFT_VERSION = 4.2;
				TARGETED_DEVICE_FAMILY = "1,2";
			};
			name = Debug;
		};
		548ADEF321C34D88008E67D8 /* Release */ = {
			isa = XCBuildConfiguration;
			buildSettings = {
				ASSETCATALOG_COMPILER_APPICON_NAME = AppIcon;
				CODE_SIGN_IDENTITY = "iPhone Developer";
				CODE_SIGN_STYLE = Automatic;
				DEVELOPMENT_TEAM = A3ZG558H3C;
				INFOPLIST_FILE = "Good Weather/Info.plist";
				IPHONEOS_DEPLOYMENT_TARGET = 12.1;
				LD_RUNPATH_SEARCH_PATHS = (
					"$(inherited)",
					"@executable_path/Frameworks",
				);
				PRODUCT_BUNDLE_IDENTIFIER = "hariobudiharjo.Good-Weather";
				PRODUCT_NAME = "$(TARGET_NAME)";
				PROVISIONING_PROFILE_SPECIFIER = "";
				SWIFT_VERSION = 4.2;
				TARGETED_DEVICE_FAMILY = "1,2";
			};
			name = Release;
		};
/* End XCBuildConfiguration section */

/* Begin XCConfigurationList section */
		548ADEDA21C34D87008E67D8 /* Build configuration list for PBXProject "Good Weather" */ = {
			isa = XCConfigurationList;
			buildConfigurations = (
				548ADEEF21C34D88008E67D8 /* Debug */,
				548ADEF021C34D88008E67D8 /* Release */,
			);
			defaultConfigurationIsVisible = 0;
			defaultConfigurationName = Release;
		};
		548ADEF121C34D88008E67D8 /* Build configuration list for PBXNativeTarget "Good Weather" */ = {
			isa = XCConfigurationList;
			buildConfigurations = (
				548ADEF221C34D88008E67D8 /* Debug */,
				548ADEF321C34D88008E67D8 /* Release */,
			);
			defaultConfigurationIsVisible = 0;
			defaultConfigurationName = Release;
		};
/* End XCConfigurationList section */
	};
	rootObject = 548ADED721C34D87008E67D8 /* Project object */;
}
